
Microsoft Visual Studio Solution File, Format Version 12.00
# Visual Studio Version 17
VisualStudioVersion = 17.2.32602.215
MinimumVisualStudioVersion = 10.0.40219.1
Project("{9A19103F-16F7-4668-BE54-9A1E7A4F7556}") = "WebApi", "WebApi\WebApi.csproj", "{41F28211-C411-4867-AB54-860727114114}"
EndProject
Project("{FAE04EC0-301F-11D3-BF4B-00C04F79EFBC}") = "WebApi.test", "WebApi.test\WebApi.test.csproj", "{ACF5D38D-E3E4-4AFD-B37D-02CBD55F8EC6}"
EndProject
Global
	GlobalSection(SolutionConfigurationPlatforms) = preSolution
		Debug|Any CPU = Debug|Any CPU
		Release|Any CPU = Release|Any CPU
	EndGlobalSection
	GlobalSection(ProjectConfigurationPlatforms) = postSolution
		{41F28211-C411-4867-AB54-860727114114}.Debug|Any CPU.ActiveCfg = Debug|Any CPU
		{41F28211-C411-4867-AB54-860727114114}.Debug|Any CPU.Build.0 = Debug|Any CPU
		{41F28211-C411-4867-AB54-860727114114}.Release|Any CPU.ActiveCfg = Release|Any CPU
		{41F28211-C411-4867-AB54-860727114114}.Release|Any CPU.Build.0 = Release|Any CPU
		{ACF5D38D-E3E4-4AFD-B37D-02CBD55F8EC6}.Debug|Any CPU.ActiveCfg = Debug|Any CPU
		{ACF5D38D-E3E4-4AFD-B37D-02CBD55F8EC6}.Debug|Any CPU.Build.0 = Debug|Any CPU
		{ACF5D38D-E3E4-4AFD-B37D-02CBD55F8EC6}.Release|Any CPU.ActiveCfg = Release|Any CPU
		{ACF5D38D-E3E4-4AFD-B37D-02CBD55F8EC6}.Release|Any CPU.Build.0 = Release|Any CPU
	EndGlobalSection
	GlobalSection(SolutionProperties) = preSolution
		HideSolutionNode = FALSE
	EndGlobalSection
	GlobalSection(ExtensibilityGlobals) = postSolution
		SolutionGuid = {1D982881-19BB-41FB-8223-E3DF4A4DC2BB}
	EndGlobalSection
EndGlobal
